
Microsoft Visual Studio Solution File, Format Version 12.00
# Visual Studio Version 17
VisualStudioVersion = 17.7.34202.233
MinimumVisualStudioVersion = 10.0.40219.1
Project("{9A19103F-16F7-4668-BE54-9A1E7A4F7556}") = "222726Y", "222726Y\222726Y.csproj", "{AB0E2C37-0C98-4DAB-AAB3-153070E7FCC6}"
EndProject
Global
	GlobalSection(SolutionConfigurationPlatforms) = preSolution
		Debug|Any CPU = Debug|Any CPU
		Release|Any CPU = Release|Any CPU
	EndGlobalSection
	GlobalSection(ProjectConfigurationPlatforms) = postSolution
		{AB0E2C37-0C98-4DAB-AAB3-153070E7FCC6}.Debug|Any CPU.ActiveCfg = Debug|Any CPU
		{AB0E2C37-0C98-4DAB-AAB3-153070E7FCC6}.Debug|Any CPU.Build.0 = Debug|Any CPU
		{AB0E2C37-0C98-4DAB-AAB3-153070E7FCC6}.Release|Any CPU.ActiveCfg = Release|Any CPU
		{AB0E2C37-0C98-4DAB-AAB3-153070E7FCC6}.Release|Any CPU.Build.0 = Release|Any CPU
	EndGlobalSection
	GlobalSection(SolutionProperties) = preSolution
		HideSolutionNode = FALSE
	EndGlobalSection
	GlobalSection(ExtensibilityGlobals) = postSolution
		SolutionGuid = {F9FE6B84-8A6E-43B1-BF72-9FB6A89CF47B}
	EndGlobalSection
EndGlobal
